
Microsoft Visual Studio Solution File, Format Version 12.00
# Visual Studio Version 17
VisualStudioVersion = 17.10.34902.84
MinimumVisualStudioVersion = 10.0.40219.1
Project("{9A19103F-16F7-4668-BE54-9A1E7A4F7556}") = "Amis.Demo", "MISA.WebFresher062023.Demo\Amis.Demo.csproj", "{3EEB037C-CA60-4AEE-962F-B98D9DD6D5CA}"
EndProject
Project("{9A19103F-16F7-4668-BE54-9A1E7A4F7556}") = "Amis.Demo.UnitTest", "MISA.WebFresher062023.Demo.UnitTests\Amis.Demo.UnitTest.csproj", "{87F114DC-3E2E-4DE6-BEAB-888737750BD5}"
EndProject
Project("{9A19103F-16F7-4668-BE54-9A1E7A4F7556}") = "Amis.Demo.Domain", "MISA.WebFresher062023.Demo.Domain\Amis.Demo.Domain.csproj", "{37CA15D4-6CD4-459D-97BA-7857A8606ECD}"
EndProject
Project("{9A19103F-16F7-4668-BE54-9A1E7A4F7556}") = "Amis.Demo.Application", "MISA.WebFresher062023.Demo.Application\Amis.Demo.Application.csproj", "{56B0E0AA-DF23-4525-9930-BF3F3B8CA04B}"
EndProject
Project("{9A19103F-16F7-4668-BE54-9A1E7A4F7556}") = "Amis.Demo.Infrastructure", "MISA.WebFresher062023.Demo.Infrastructure\Amis.Demo.Infrastructure.csproj", "{EA14E3A6-34E1-45B7-90E9-88B5E2ED24D4}"
EndProject
Global
	GlobalSection(SolutionConfigurationPlatforms) = preSolution
		Debug|Any CPU = Debug|Any CPU
		Release|Any CPU = Release|Any CPU
	EndGlobalSection
	GlobalSection(ProjectConfigurationPlatforms) = postSolution
		{3EEB037C-CA60-4AEE-962F-B98D9DD6D5CA}.Debug|Any CPU.ActiveCfg = Debug|Any CPU
		{3EEB037C-CA60-4AEE-962F-B98D9DD6D5CA}.Debug|Any CPU.Build.0 = Debug|Any CPU
		{3EEB037C-CA60-4AEE-962F-B98D9DD6D5CA}.Release|Any CPU.ActiveCfg = Release|Any CPU
		{3EEB037C-CA60-4AEE-962F-B98D9DD6D5CA}.Release|Any CPU.Build.0 = Release|Any CPU
		{87F114DC-3E2E-4DE6-BEAB-888737750BD5}.Debug|Any CPU.ActiveCfg = Debug|Any CPU
		{87F114DC-3E2E-4DE6-BEAB-888737750BD5}.Debug|Any CPU.Build.0 = Debug|Any CPU
		{87F114DC-3E2E-4DE6-BEAB-888737750BD5}.Release|Any CPU.ActiveCfg = Release|Any CPU
		{87F114DC-3E2E-4DE6-BEAB-888737750BD5}.Release|Any CPU.Build.0 = Release|Any CPU
		{37CA15D4-6CD4-459D-97BA-7857A8606ECD}.Debug|Any CPU.ActiveCfg = Debug|Any CPU
		{37CA15D4-6CD4-459D-97BA-7857A8606ECD}.Debug|Any CPU.Build.0 = Debug|Any CPU
		{37CA15D4-6CD4-459D-97BA-7857A8606ECD}.Release|Any CPU.ActiveCfg = Release|Any CPU
		{37CA15D4-6CD4-459D-97BA-7857A8606ECD}.Release|Any CPU.Build.0 = Release|Any CPU
		{56B0E0AA-DF23-4525-9930-BF3F3B8CA04B}.Debug|Any CPU.ActiveCfg = Debug|Any CPU
		{56B0E0AA-DF23-4525-9930-BF3F3B8CA04B}.Debug|Any CPU.Build.0 = Debug|Any CPU
		{56B0E0AA-DF23-4525-9930-BF3F3B8CA04B}.Release|Any CPU.ActiveCfg = Release|Any CPU
		{56B0E0AA-DF23-4525-9930-BF3F3B8CA04B}.Release|Any CPU.Build.0 = Release|Any CPU
		{EA14E3A6-34E1-45B7-90E9-88B5E2ED24D4}.Debug|Any CPU.ActiveCfg = Debug|Any CPU
		{EA14E3A6-34E1-45B7-90E9-88B5E2ED24D4}.Debug|Any CPU.Build.0 = Debug|Any CPU
		{EA14E3A6-34E1-45B7-90E9-88B5E2ED24D4}.Release|Any CPU.ActiveCfg = Release|Any CPU
		{EA14E3A6-34E1-45B7-90E9-88B5E2ED24D4}.Release|Any CPU.Build.0 = Release|Any CPU
	EndGlobalSection
	GlobalSection(SolutionProperties) = preSolution
		HideSolutionNode = FALSE
	EndGlobalSection
	GlobalSection(ExtensibilityGlobals) = postSolution
		SolutionGuid = {B5E313C1-B889-4477-8767-A9B64FA2EB4A}
	EndGlobalSection
EndGlobal
