
Microsoft Visual Studio Solution File, Format Version 12.00
# Visual Studio Version 16
VisualStudioVersion = 25.0.1706.3
MinimumVisualStudioVersion = 10.0.40219.1
Project("{FAE04EC0-301F-11D3-BF4B-00C04F79EFBC}") = "MISA.WebFresher062023.Demo", "MISA.WebFresher062023.Demo\MISA.WebFresher062023.Demo.csproj", "{3EEB037C-CA60-4AEE-962F-B98D9DD6D5CA}"
EndProject
Project("{FAE04EC0-301F-11D3-BF4B-00C04F79EFBC}") = "MISA.WebFresher062023.Demo.UnitTests", "MISA.WebFresher062023.Demo.UnitTests\MISA.WebFresher062023.Demo.UnitTests.csproj", "{87F114DC-3E2E-4DE6-BEAB-888737750BD5}"
EndProject
Project("{FAE04EC0-301F-11D3-BF4B-00C04F79EFBC}") = "MISA.WebFresher062023.Demo.Domain", "MISA.WebFresher062023.Demo.Domain\MISA.WebFresher062023.Demo.Domain.csproj", "{37CA15D4-6CD4-459D-97BA-7857A8606ECD}"
EndProject
Project("{FAE04EC0-301F-11D3-BF4B-00C04F79EFBC}") = "MISA.WebFresher062023.Demo.Application", "MISA.WebFresher062023.Demo.Application\MISA.WebFresher062023.Demo.Application.csproj", "{56B0E0AA-DF23-4525-9930-BF3F3B8CA04B}"
EndProject
Project("{FAE04EC0-301F-11D3-BF4B-00C04F79EFBC}") = "MISA.WebFresher062023.Demo.Infrastructure", "MISA.WebFresher062023.Demo.Infrastructure\MISA.WebFresher062023.Demo.Infrastructure.csproj", "{EA14E3A6-34E1-45B7-90E9-88B5E2ED24D4}"
EndProject
Global
	GlobalSection(SolutionConfigurationPlatforms) = preSolution
		Debug|Any CPU = Debug|Any CPU
		Release|Any CPU = Release|Any CPU
	EndGlobalSection
	GlobalSection(ProjectConfigurationPlatforms) = postSolution
		{3EEB037C-CA60-4AEE-962F-B98D9DD6D5CA}.Debug|Any CPU.ActiveCfg = Debug|Any CPU
		{3EEB037C-CA60-4AEE-962F-B98D9DD6D5CA}.Debug|Any CPU.Build.0 = Debug|Any CPU
		{3EEB037C-CA60-4AEE-962F-B98D9DD6D5CA}.Release|Any CPU.ActiveCfg = Release|Any CPU
		{3EEB037C-CA60-4AEE-962F-B98D9DD6D5CA}.Release|Any CPU.Build.0 = Release|Any CPU
		{87F114DC-3E2E-4DE6-BEAB-888737750BD5}.Debug|Any CPU.ActiveCfg = Debug|Any CPU
		{87F114DC-3E2E-4DE6-BEAB-888737750BD5}.Debug|Any CPU.Build.0 = Debug|Any CPU
		{87F114DC-3E2E-4DE6-BEAB-888737750BD5}.Release|Any CPU.ActiveCfg = Release|Any CPU
		{87F114DC-3E2E-4DE6-BEAB-888737750BD5}.Release|Any CPU.Build.0 = Release|Any CPU
		{37CA15D4-6CD4-459D-97BA-7857A8606ECD}.Debug|Any CPU.ActiveCfg = Debug|Any CPU
		{37CA15D4-6CD4-459D-97BA-7857A8606ECD}.Debug|Any CPU.Build.0 = Debug|Any CPU
		{37CA15D4-6CD4-459D-97BA-7857A8606ECD}.Release|Any CPU.ActiveCfg = Release|Any CPU
		{37CA15D4-6CD4-459D-97BA-7857A8606ECD}.Release|Any CPU.Build.0 = Release|Any CPU
		{56B0E0AA-DF23-4525-9930-BF3F3B8CA04B}.Debug|Any CPU.ActiveCfg = Debug|Any CPU
		{56B0E0AA-DF23-4525-9930-BF3F3B8CA04B}.Debug|Any CPU.Build.0 = Debug|Any CPU
		{56B0E0AA-DF23-4525-9930-BF3F3B8CA04B}.Release|Any CPU.ActiveCfg = Release|Any CPU
		{56B0E0AA-DF23-4525-9930-BF3F3B8CA04B}.Release|Any CPU.Build.0 = Release|Any CPU
		{EA14E3A6-34E1-45B7-90E9-88B5E2ED24D4}.Debug|Any CPU.ActiveCfg = Debug|Any CPU
		{EA14E3A6-34E1-45B7-90E9-88B5E2ED24D4}.Debug|Any CPU.Build.0 = Debug|Any CPU
		{EA14E3A6-34E1-45B7-90E9-88B5E2ED24D4}.Release|Any CPU.ActiveCfg = Release|Any CPU
		{EA14E3A6-34E1-45B7-90E9-88B5E2ED24D4}.Release|Any CPU.Build.0 = Release|Any CPU
	EndGlobalSection
	GlobalSection(SolutionProperties) = preSolution
		HideSolutionNode = FALSE
	EndGlobalSection
	GlobalSection(ExtensibilityGlobals) = postSolution
		SolutionGuid = {B5E313C1-B889-4477-8767-A9B64FA2EB4A}
	EndGlobalSection
EndGlobal
